// !$*UTF8*$!
{
	archiveVersion = 1;
	classes = {
	};
	objectVersion = 46;
	objects = {

/* Begin PBXBuildFile section */
		C0925C271CAFA6E9002CBB80 /* main.m in Sources */ = {isa = PBXBuildFile; fileRef = C0925C261CAFA6E9002CBB80 /* main.m */; };
		C0925C2A1CAFA6E9002CBB80 /* AppDelegate.m in Sources */ = {isa = PBXBuildFile; fileRef = C0925C291CAFA6E9002CBB80 /* AppDelegate.m */; };
		C0925C2D1CAFA6E9002CBB80 /* ViewController.m in Sources */ = {isa = PBXBuildFile; fileRef = C0925C2C1CAFA6E9002CBB80 /* ViewController.m */; };
		C0925C301CAFA6E9002CBB80 /* Main.storyboard in Resources */ = {isa = PBXBuildFile; fileRef = C0925C2E1CAFA6E9002CBB80 /* Main.storyboard */; };
		C0925C331CAFA6E9002CBB80 /* douban.xcdatamodeld in Sources */ = {isa = PBXBuildFile; fileRef = C0925C311CAFA6E9002CBB80 /* douban.xcdatamodeld */; };
		C0925C351CAFA6E9002CBB80 /* Assets.xcassets in Resources */ = {isa = PBXBuildFile; fileRef = C0925C341CAFA6E9002CBB80 /* Assets.xcassets */; };
		C0925C381CAFA6E9002CBB80 /* LaunchScreen.storyboard in Resources */ = {isa = PBXBuildFile; fileRef = C0925C361CAFA6E9002CBB80 /* LaunchScreen.storyboard */; };
		C0925C431CAFA6EA002CBB80 /* doubanTests.m in Sources */ = {isa = PBXBuildFile; fileRef = C0925C421CAFA6EA002CBB80 /* doubanTests.m */; };
		C0925C4E1CAFA6EA002CBB80 /* doubanUITests.m in Sources */ = {isa = PBXBuildFile; fileRef = C0925C4D1CAFA6EA002CBB80 /* doubanUITests.m */; };
		C0925C5D1CAFB94F002CBB80 /* BookViewController.m in Sources */ = {isa = PBXBuildFile; fileRef = C0925C5C1CAFB94F002CBB80 /* BookViewController.m */; };
		C0925C601CAFBADF002CBB80 /* BookItems.m in Sources */ = {isa = PBXBuildFile; fileRef = C0925C5F1CAFBADF002CBB80 /* BookItems.m */; };
		C0925C661CAFCE6F002CBB80 /* TypeButton.m in Sources */ = {isa = PBXBuildFile; fileRef = C0925C651CAFCE6F002CBB80 /* TypeButton.m */; };
		C0925CA61CAFDE5E002CBB80 /* Animation.m in Sources */ = {isa = PBXBuildFile; fileRef = C0925CA51CAFDE5E002CBB80 /* Animation.m */; };
		C0925CAA1CAFE2F3002CBB80 /* MovieItems.m in Sources */ = {isa = PBXBuildFile; fileRef = C0925CA91CAFE2F3002CBB80 /* MovieItems.m */; };
		C0925CAD1CAFE304002CBB80 /* MusicItems.m in Sources */ = {isa = PBXBuildFile; fileRef = C0925CAC1CAFE304002CBB80 /* MusicItems.m */; };
		C0925CB31CAFE535002CBB80 /* Items.m in Sources */ = {isa = PBXBuildFile; fileRef = C0925CB21CAFE535002CBB80 /* Items.m */; };
		C09D67E63B8F8FCF8B0871C2 /* libPods.a in Frameworks */ = {isa = PBXBuildFile; fileRef = 5560F1DB250D7ACF69F81A21 /* libPods.a */; };
/* End PBXBuildFile section */

/* Begin PBXContainerItemProxy section */
		C0925C3F1CAFA6EA002CBB80 /* PBXContainerItemProxy */ = {
			isa = PBXContainerItemProxy;
			containerPortal = C0925C1A1CAFA6E9002CBB80 /* Project object */;
			proxyType = 1;
			remoteGlobalIDString = C0925C211CAFA6E9002CBB80;
			remoteInfo = douban;
		};
		C0925C4A1CAFA6EA002CBB80 /* PBXContainerItemProxy */ = {
			isa = PBXContainerItemProxy;
			containerPortal = C0925C1A1CAFA6E9002CBB80 /* Project object */;
			proxyType = 1;
			remoteGlobalIDString = C0925C211CAFA6E9002CBB80;
			remoteInfo = douban;
		};
/* End PBXContainerItemProxy section */

/* Begin PBXFileReference section */
		5560F1DB250D7ACF69F81A21 /* libPods.a */ = {isa = PBXFileReference; explicitFileType = archive.ar; includeInIndex = 0; path = libPods.a; sourceTree = BUILT_PRODUCTS_DIR; };
		8FFD27CA5ACDD4351E444986 /* Pods.debug.xcconfig */ = {isa = PBXFileReference; includeInIndex = 1; lastKnownFileType = text.xcconfig; name = Pods.debug.xcconfig; path = "Pods/Target Support Files/Pods/Pods.debug.xcconfig"; sourceTree = "<group>"; };
		C0925C221CAFA6E9002CBB80 /* douban.app */ = {isa = PBXFileReference; explicitFileType = wrapper.application; includeInIndex = 0; path = douban.app; sourceTree = BUILT_PRODUCTS_DIR; };
		C0925C261CAFA6E9002CBB80 /* main.m */ = {isa = PBXFileReference; lastKnownFileType = sourcecode.c.objc; path = main.m; sourceTree = "<group>"; };
		C0925C281CAFA6E9002CBB80 /* AppDelegate.h */ = {isa = PBXFileReference; lastKnownFileType = sourcecode.c.h; path = AppDelegate.h; sourceTree = "<group>"; };
		C0925C291CAFA6E9002CBB80 /* AppDelegate.m */ = {isa = PBXFileReference; lastKnownFileType = sourcecode.c.objc; path = AppDelegate.m; sourceTree = "<group>"; };
		C0925C2B1CAFA6E9002CBB80 /* ViewController.h */ = {isa = PBXFileReference; lastKnownFileType = sourcecode.c.h; path = ViewController.h; sourceTree = "<group>"; };
		C0925C2C1CAFA6E9002CBB80 /* ViewController.m */ = {isa = PBXFileReference; lastKnownFileType = sourcecode.c.objc; path = ViewController.m; sourceTree = "<group>"; };
		C0925C2F1CAFA6E9002CBB80 /* Base */ = {isa = PBXFileReference; lastKnownFileType = file.storyboard; name = Base; path = Base.lproj/Main.storyboard; sourceTree = "<group>"; };
		C0925C321CAFA6E9002CBB80 /* douban.xcdatamodel */ = {isa = PBXFileReference; lastKnownFileType = wrapper.xcdatamodel; path = douban.xcdatamodel; sourceTree = "<group>"; };
		C0925C341CAFA6E9002CBB80 /* Assets.xcassets */ = {isa = PBXFileReference; lastKnownFileType = folder.assetcatalog; path = Assets.xcassets; sourceTree = "<group>"; };
		C0925C371CAFA6E9002CBB80 /* Base */ = {isa = PBXFileReference; lastKnownFileType = file.storyboard; name = Base; path = Base.lproj/LaunchScreen.storyboard; sourceTree = "<group>"; };
		C0925C391CAFA6E9002CBB80 /* Info.plist */ = {isa = PBXFileReference; lastKnownFileType = text.plist.xml; path = Info.plist; sourceTree = "<group>"; };
		C0925C3E1CAFA6EA002CBB80 /* doubanTests.xctest */ = {isa = PBXFileReference; explicitFileType = wrapper.cfbundle; includeInIndex = 0; path = doubanTests.xctest; sourceTree = BUILT_PRODUCTS_DIR; };
		C0925C421CAFA6EA002CBB80 /* doubanTests.m */ = {isa = PBXFileReference; lastKnownFileType = sourcecode.c.objc; path = doubanTests.m; sourceTree = "<group>"; };
		C0925C441CAFA6EA002CBB80 /* Info.plist */ = {isa = PBXFileReference; lastKnownFileType = text.plist.xml; path = Info.plist; sourceTree = "<group>"; };
		C0925C491CAFA6EA002CBB80 /* doubanUITests.xctest */ = {isa = PBXFileReference; explicitFileType = wrapper.cfbundle; includeInIndex = 0; path = doubanUITests.xctest; sourceTree = BUILT_PRODUCTS_DIR; };
		C0925C4D1CAFA6EA002CBB80 /* doubanUITests.m */ = {isa = PBXFileReference; lastKnownFileType = sourcecode.c.objc; path = doubanUITests.m; sourceTree = "<group>"; };
		C0925C4F1CAFA6EA002CBB80 /* Info.plist */ = {isa = PBXFileReference; lastKnownFileType = text.plist.xml; path = Info.plist; sourceTree = "<group>"; };
		C0925C5B1CAFB94F002CBB80 /* BookViewController.h */ = {isa = PBXFileReference; fileEncoding = 4; lastKnownFileType = sourcecode.c.h; path = BookViewController.h; sourceTree = "<group>"; };
		C0925C5C1CAFB94F002CBB80 /* BookViewController.m */ = {isa = PBXFileReference; fileEncoding = 4; lastKnownFileType = sourcecode.c.objc; path = BookViewController.m; sourceTree = "<group>"; };
		C0925C5E1CAFBADF002CBB80 /* BookItems.h */ = {isa = PBXFileReference; fileEncoding = 4; lastKnownFileType = sourcecode.c.h; path = BookItems.h; sourceTree = "<group>"; };
		C0925C5F1CAFBADF002CBB80 /* BookItems.m */ = {isa = PBXFileReference; fileEncoding = 4; lastKnownFileType = sourcecode.c.objc; path = BookItems.m; sourceTree = "<group>"; };
		C0925C641CAFCE6F002CBB80 /* TypeButton.h */ = {isa = PBXFileReference; fileEncoding = 4; lastKnownFileType = sourcecode.c.h; path = TypeButton.h; sourceTree = "<group>"; };
		C0925C651CAFCE6F002CBB80 /* TypeButton.m */ = {isa = PBXFileReference; fileEncoding = 4; lastKnownFileType = sourcecode.c.objc; path = TypeButton.m; sourceTree = "<group>"; };
		C0925CA41CAFDE5E002CBB80 /* Animation.h */ = {isa = PBXFileReference; fileEncoding = 4; lastKnownFileType = sourcecode.c.h; path = Animation.h; sourceTree = "<group>"; };
		C0925CA51CAFDE5E002CBB80 /* Animation.m */ = {isa = PBXFileReference; fileEncoding = 4; lastKnownFileType = sourcecode.c.objc; path = Animation.m; sourceTree = "<group>"; };
		C0925CA81CAFE2F3002CBB80 /* MovieItems.h */ = {isa = PBXFileReference; fileEncoding = 4; lastKnownFileType = sourcecode.c.h; path = MovieItems.h; sourceTree = "<group>"; };
		C0925CA91CAFE2F3002CBB80 /* MovieItems.m */ = {isa = PBXFileReference; fileEncoding = 4; lastKnownFileType = sourcecode.c.objc; path = MovieItems.m; sourceTree = "<group>"; };
		C0925CAB1CAFE304002CBB80 /* MusicItems.h */ = {isa = PBXFileReference; fileEncoding = 4; lastKnownFileType = sourcecode.c.h; path = MusicItems.h; sourceTree = "<group>"; };
		C0925CAC1CAFE304002CBB80 /* MusicItems.m */ = {isa = PBXFileReference; fileEncoding = 4; lastKnownFileType = sourcecode.c.objc; path = MusicItems.m; sourceTree = "<group>"; };
		C0925CB11CAFE535002CBB80 /* Items.h */ = {isa = PBXFileReference; fileEncoding = 4; lastKnownFileType = sourcecode.c.h; path = Items.h; sourceTree = "<group>"; };
		C0925CB21CAFE535002CBB80 /* Items.m */ = {isa = PBXFileReference; fileEncoding = 4; lastKnownFileType = sourcecode.c.objc; path = Items.m; sourceTree = "<group>"; };
		C62305DD625900EB245E122B /* Pods.release.xcconfig */ = {isa = PBXFileReference; includeInIndex = 1; lastKnownFileType = text.xcconfig; name = Pods.release.xcconfig; path = "Pods/Target Support Files/Pods/Pods.release.xcconfig"; sourceTree = "<group>"; };
/* End PBXFileReference section */

/* Begin PBXFrameworksBuildPhase section */
		C0925C1F1CAFA6E9002CBB80 /* Frameworks */ = {
			isa = PBXFrameworksBuildPhase;
			buildActionMask = 2147483647;
			files = (
				C09D67E63B8F8FCF8B0871C2 /* libPods.a in Frameworks */,
			);
			runOnlyForDeploymentPostprocessing = 0;
		};
		C0925C3B1CAFA6EA002CBB80 /* Frameworks */ = {
			isa = PBXFrameworksBuildPhase;
			buildActionMask = 2147483647;
			files = (
			);
			runOnlyForDeploymentPostprocessing = 0;
		};
		C0925C461CAFA6EA002CBB80 /* Frameworks */ = {
			isa = PBXFrameworksBuildPhase;
			buildActionMask = 2147483647;
			files = (
			);
			runOnlyForDeploymentPostprocessing = 0;
		};
/* End PBXFrameworksBuildPhase section */

/* Begin PBXGroup section */
		39E1526533DBE7B7DAE2BD86 /* Frameworks */ = {
			isa = PBXGroup;
			children = (
				5560F1DB250D7ACF69F81A21 /* libPods.a */,
			);
			name = Frameworks;
			sourceTree = "<group>";
		};
		C0925C191CAFA6E9002CBB80 = {
			isa = PBXGroup;
			children = (
				C0925C241CAFA6E9002CBB80 /* douban */,
				C0925C411CAFA6EA002CBB80 /* doubanTests */,
				C0925C4C1CAFA6EA002CBB80 /* doubanUITests */,
				C0925C231CAFA6E9002CBB80 /* Products */,
				CBB5C7D9D45C78AC10C1369E /* Pods */,
				39E1526533DBE7B7DAE2BD86 /* Frameworks */,
			);
			sourceTree = "<group>";
		};
		C0925C231CAFA6E9002CBB80 /* Products */ = {
			isa = PBXGroup;
			children = (
				C0925C221CAFA6E9002CBB80 /* douban.app */,
				C0925C3E1CAFA6EA002CBB80 /* doubanTests.xctest */,
				C0925C491CAFA6EA002CBB80 /* doubanUITests.xctest */,
			);
			name = Products;
			sourceTree = "<group>";
		};
		C0925C241CAFA6E9002CBB80 /* douban */ = {
			isa = PBXGroup;
			children = (
				C0925CB01CAFE369002CBB80 /* Utils */,
				C0925CAE1CAFE30D002CBB80 /* ViewControllers */,
				C0925CA71CAFE2D1002CBB80 /* Model */,
				C0925CAF1CAFE33A002CBB80 /* Base */,
				C0925C251CAFA6E9002CBB80 /* Supporting Files */,
			);
			path = douban;
			sourceTree = "<group>";
		};
		C0925C251CAFA6E9002CBB80 /* Supporting Files */ = {
			isa = PBXGroup;
			children = (
				C0925C261CAFA6E9002CBB80 /* main.m */,
			);
			name = "Supporting Files";
			sourceTree = "<group>";
		};
		C0925C411CAFA6EA002CBB80 /* doubanTests */ = {
			isa = PBXGroup;
			children = (
				C0925C421CAFA6EA002CBB80 /* doubanTests.m */,
				C0925C441CAFA6EA002CBB80 /* Info.plist */,
			);
			path = doubanTests;
			sourceTree = "<group>";
		};
		C0925C4C1CAFA6EA002CBB80 /* doubanUITests */ = {
			isa = PBXGroup;
			children = (
				C0925C4D1CAFA6EA002CBB80 /* doubanUITests.m */,
				C0925C4F1CAFA6EA002CBB80 /* Info.plist */,
			);
			path = doubanUITests;
			sourceTree = "<group>";
		};
		C0925CA71CAFE2D1002CBB80 /* Model */ = {
			isa = PBXGroup;
			children = (
				C0925C5E1CAFBADF002CBB80 /* BookItems.h */,
				C0925C5F1CAFBADF002CBB80 /* BookItems.m */,
				C0925CA81CAFE2F3002CBB80 /* MovieItems.h */,
				C0925CA91CAFE2F3002CBB80 /* MovieItems.m */,
				C0925CAB1CAFE304002CBB80 /* MusicItems.h */,
				C0925CAC1CAFE304002CBB80 /* MusicItems.m */,
				C0925CB11CAFE535002CBB80 /* Items.h */,
				C0925CB21CAFE535002CBB80 /* Items.m */,
			);
			name = Model;
			sourceTree = "<group>";
		};
		C0925CAE1CAFE30D002CBB80 /* ViewControllers */ = {
			isa = PBXGroup;
			children = (
				C0925C2B1CAFA6E9002CBB80 /* ViewController.h */,
				C0925C2C1CAFA6E9002CBB80 /* ViewController.m */,
				C0925C5B1CAFB94F002CBB80 /* BookViewController.h */,
				C0925C5C1CAFB94F002CBB80 /* BookViewController.m */,
			);
			name = ViewControllers;
			sourceTree = "<group>";
		};
		C0925CAF1CAFE33A002CBB80 /* Base */ = {
			isa = PBXGroup;
			children = (
				C0925C281CAFA6E9002CBB80 /* AppDelegate.h */,
				C0925C291CAFA6E9002CBB80 /* AppDelegate.m */,
				C0925C2E1CAFA6E9002CBB80 /* Main.storyboard */,
				C0925C361CAFA6E9002CBB80 /* LaunchScreen.storyboard */,
				C0925C391CAFA6E9002CBB80 /* Info.plist */,
				C0925C311CAFA6E9002CBB80 /* douban.xcdatamodeld */,
				C0925C341CAFA6E9002CBB80 /* Assets.xcassets */,
			);
			name = Base;
			sourceTree = "<group>";
		};
		C0925CB01CAFE369002CBB80 /* Utils */ = {
			isa = PBXGroup;
			children = (
				C0925C641CAFCE6F002CBB80 /* TypeButton.h */,
				C0925C651CAFCE6F002CBB80 /* TypeButton.m */,
				C0925CA41CAFDE5E002CBB80 /* Animation.h */,
				C0925CA51CAFDE5E002CBB80 /* Animation.m */,
			);
			name = Utils;
			sourceTree = "<group>";
		};
		CBB5C7D9D45C78AC10C1369E /* Pods */ = {
			isa = PBXGroup;
			children = (
				8FFD27CA5ACDD4351E444986 /* Pods.debug.xcconfig */,
				C62305DD625900EB245E122B /* Pods.release.xcconfig */,
			);
			name = Pods;
			sourceTree = "<group>";
		};
/* End PBXGroup section */

/* Begin PBXNativeTarget section */
		C0925C211CAFA6E9002CBB80 /* douban */ = {
			isa = PBXNativeTarget;
			buildConfigurationList = C0925C521CAFA6EA002CBB80 /* Build configuration list for PBXNativeTarget "douban" */;
			buildPhases = (
				4197C56B35908DC9F47E98A3 /* Check Pods Manifest.lock */,
				C0925C1E1CAFA6E9002CBB80 /* Sources */,
				C0925C1F1CAFA6E9002CBB80 /* Frameworks */,
				C0925C201CAFA6E9002CBB80 /* Resources */,
				49419E4AED5D604B5D1C104E /* Embed Pods Frameworks */,
				B9CB40329773C4CA5F15063A /* Copy Pods Resources */,
			);
			buildRules = (
			);
			dependencies = (
			);
			name = douban;
			productName = douban;
			productReference = C0925C221CAFA6E9002CBB80 /* douban.app */;
			productType = "com.apple.product-type.application";
		};
		C0925C3D1CAFA6EA002CBB80 /* doubanTests */ = {
			isa = PBXNativeTarget;
			buildConfigurationList = C0925C551CAFA6EA002CBB80 /* Build configuration list for PBXNativeTarget "doubanTests" */;
			buildPhases = (
				C0925C3A1CAFA6EA002CBB80 /* Sources */,
				C0925C3B1CAFA6EA002CBB80 /* Frameworks */,
				C0925C3C1CAFA6EA002CBB80 /* Resources */,
			);
			buildRules = (
			);
			dependencies = (
				C0925C401CAFA6EA002CBB80 /* PBXTargetDependency */,
			);
			name = doubanTests;
			productName = doubanTests;
			productReference = C0925C3E1CAFA6EA002CBB80 /* doubanTests.xctest */;
			productType = "com.apple.product-type.bundle.unit-test";
		};
		C0925C481CAFA6EA002CBB80 /* doubanUITests */ = {
			isa = PBXNativeTarget;
			buildConfigurationList = C0925C581CAFA6EA002CBB80 /* Build configuration list for PBXNativeTarget "doubanUITests" */;
			buildPhases = (
				C0925C451CAFA6EA002CBB80 /* Sources */,
				C0925C461CAFA6EA002CBB80 /* Frameworks */,
				C0925C471CAFA6EA002CBB80 /* Resources */,
			);
			buildRules = (
			);
			dependencies = (
				C0925C4B1CAFA6EA002CBB80 /* PBXTargetDependency */,
			);
			name = doubanUITests;
			productName = doubanUITests;
			productReference = C0925C491CAFA6EA002CBB80 /* doubanUITests.xctest */;
			productType = "com.apple.product-type.bundle.ui-testing";
		};
/* End PBXNativeTarget section */

/* Begin PBXProject section */
		C0925C1A1CAFA6E9002CBB80 /* Project object */ = {
			isa = PBXProject;
			attributes = {
				LastUpgradeCheck = 0730;
				ORGANIZATIONNAME = Geetion;
				TargetAttributes = {
					C0925C211CAFA6E9002CBB80 = {
						CreatedOnToolsVersion = 7.3;
						DevelopmentTeam = 9N8EY233V7;
					};
					C0925C3D1CAFA6EA002CBB80 = {
						CreatedOnToolsVersion = 7.3;
						TestTargetID = C0925C211CAFA6E9002CBB80;
					};
					C0925C481CAFA6EA002CBB80 = {
						CreatedOnToolsVersion = 7.3;
						TestTargetID = C0925C211CAFA6E9002CBB80;
					};
				};
			};
			buildConfigurationList = C0925C1D1CAFA6E9002CBB80 /* Build configuration list for PBXProject "douban" */;
			compatibilityVersion = "Xcode 3.2";
			developmentRegion = English;
			hasScannedForEncodings = 0;
			knownRegions = (
				en,
				Base,
			);
			mainGroup = C0925C191CAFA6E9002CBB80;
			productRefGroup = C0925C231CAFA6E9002CBB80 /* Products */;
			projectDirPath = "";
			projectRoot = "";
			targets = (
				C0925C211CAFA6E9002CBB80 /* douban */,
				C0925C3D1CAFA6EA002CBB80 /* doubanTests */,
				C0925C481CAFA6EA002CBB80 /* doubanUITests */,
			);
		};
/* End PBXProject section */

/* Begin PBXResourcesBuildPhase section */
		C0925C201CAFA6E9002CBB80 /* Resources */ = {
			isa = PBXResourcesBuildPhase;
			buildActionMask = 2147483647;
			files = (
				C0925C381CAFA6E9002CBB80 /* LaunchScreen.storyboard in Resources */,
				C0925C351CAFA6E9002CBB80 /* Assets.xcassets in Resources */,
				C0925C301CAFA6E9002CBB80 /* Main.storyboard in Resources */,
			);
			runOnlyForDeploymentPostprocessing = 0;
		};
		C0925C3C1CAFA6EA002CBB80 /* Resources */ = {
			isa = PBXResourcesBuildPhase;
			buildActionMask = 2147483647;
			files = (
			);
			runOnlyForDeploymentPostprocessing = 0;
		};
		C0925C471CAFA6EA002CBB80 /* Resources */ = {
			isa = PBXResourcesBuildPhase;
			buildActionMask = 2147483647;
			files = (
			);
			runOnlyForDeploymentPostprocessing = 0;
		};
/* End PBXResourcesBuildPhase section */

/* Begin PBXShellScriptBuildPhase section */
		4197C56B35908DC9F47E98A3 /* Check Pods Manifest.lock */ = {
			isa = PBXShellScriptBuildPhase;
			buildActionMask = 2147483647;
			files = (
			);
			inputPaths = (
			);
			name = "Check Pods Manifest.lock";
			outputPaths = (
			);
			runOnlyForDeploymentPostprocessing = 0;
			shellPath = /bin/sh;
			shellScript = "diff \"${PODS_ROOT}/../Podfile.lock\" \"${PODS_ROOT}/Manifest.lock\" > /dev/null\nif [[ $? != 0 ]] ; then\n    cat << EOM\nerror: The sandbox is not in sync with the Podfile.lock. Run 'pod install' or update your CocoaPods installation.\nEOM\n    exit 1\nfi\n";
			showEnvVarsInLog = 0;
		};
		49419E4AED5D604B5D1C104E /* Embed Pods Frameworks */ = {
			isa = PBXShellScriptBuildPhase;
			buildActionMask = 2147483647;
			files = (
			);
			inputPaths = (
			);
			name = "Embed Pods Frameworks";
			outputPaths = (
			);
			runOnlyForDeploymentPostprocessing = 0;
			shellPath = /bin/sh;
			shellScript = "\"${SRCROOT}/Pods/Target Support Files/Pods/Pods-frameworks.sh\"\n";
			showEnvVarsInLog = 0;
		};
		B9CB40329773C4CA5F15063A /* Copy Pods Resources */ = {
			isa = PBXShellScriptBuildPhase;
			buildActionMask = 2147483647;
			files = (
			);
			inputPaths = (
			);
			name = "Copy Pods Resources";
			outputPaths = (
			);
			runOnlyForDeploymentPostprocessing = 0;
			shellPath = /bin/sh;
			shellScript = "\"${SRCROOT}/Pods/Target Support Files/Pods/Pods-resources.sh\"\n";
			showEnvVarsInLog = 0;
		};
/* End PBXShellScriptBuildPhase section */

/* Begin PBXSourcesBuildPhase section */
		C0925C1E1CAFA6E9002CBB80 /* Sources */ = {
			isa = PBXSourcesBuildPhase;
			buildActionMask = 2147483647;
			files = (
				C0925CB31CAFE535002CBB80 /* Items.m in Sources */,
				C0925C5D1CAFB94F002CBB80 /* BookViewController.m in Sources */,
				C0925C331CAFA6E9002CBB80 /* douban.xcdatamodeld in Sources */,
				C0925C2D1CAFA6E9002CBB80 /* ViewController.m in Sources */,
				C0925C2A1CAFA6E9002CBB80 /* AppDelegate.m in Sources */,
				C0925C271CAFA6E9002CBB80 /* main.m in Sources */,
				C0925CAA1CAFE2F3002CBB80 /* MovieItems.m in Sources */,
				C0925CAD1CAFE304002CBB80 /* MusicItems.m in Sources */,
				C0925C601CAFBADF002CBB80 /* BookItems.m in Sources */,
				C0925CA61CAFDE5E002CBB80 /* Animation.m in Sources */,
				C0925C661CAFCE6F002CBB80 /* TypeButton.m in Sources */,
			);
			runOnlyForDeploymentPostprocessing = 0;
		};
		C0925C3A1CAFA6EA002CBB80 /* Sources */ = {
			isa = PBXSourcesBuildPhase;
			buildActionMask = 2147483647;
			files = (
				C0925C431CAFA6EA002CBB80 /* doubanTests.m in Sources */,
			);
			runOnlyForDeploymentPostprocessing = 0;
		};
		C0925C451CAFA6EA002CBB80 /* Sources */ = {
			isa = PBXSourcesBuildPhase;
			buildActionMask = 2147483647;
			files = (
				C0925C4E1CAFA6EA002CBB80 /* doubanUITests.m in Sources */,
			);
			runOnlyForDeploymentPostprocessing = 0;
		};
/* End PBXSourcesBuildPhase section */

/* Begin PBXTargetDependency section */
		C0925C401CAFA6EA002CBB80 /* PBXTargetDependency */ = {
			isa = PBXTargetDependency;
			target = C0925C211CAFA6E9002CBB80 /* douban */;
			targetProxy = C0925C3F1CAFA6EA002CBB80 /* PBXContainerItemProxy */;
		};
		C0925C4B1CAFA6EA002CBB80 /* PBXTargetDependency */ = {
			isa = PBXTargetDependency;
			target = C0925C211CAFA6E9002CBB80 /* douban */;
			targetProxy = C0925C4A1CAFA6EA002CBB80 /* PBXContainerItemProxy */;
		};
/* End PBXTargetDependency section */

/* Begin PBXVariantGroup section */
		C0925C2E1CAFA6E9002CBB80 /* Main.storyboard */ = {
			isa = PBXVariantGroup;
			children = (
				C0925C2F1CAFA6E9002CBB80 /* Base */,
			);
			name = Main.storyboard;
			sourceTree = "<group>";
		};
		C0925C361CAFA6E9002CBB80 /* LaunchScreen.storyboard */ = {
			isa = PBXVariantGroup;
			children = (
				C0925C371CAFA6E9002CBB80 /* Base */,
			);
			name = LaunchScreen.storyboard;
			sourceTree = "<group>";
		};
/* End PBXVariantGroup section */

/* Begin XCBuildConfiguration section */
		C0925C501CAFA6EA002CBB80 /* Debug */ = {
			isa = XCBuildConfiguration;
			buildSettings = {
				ALWAYS_SEARCH_USER_PATHS = NO;
				CLANG_ANALYZER_NONNULL = YES;
				CLANG_CXX_LANGUAGE_STANDARD = "gnu++0x";
				CLANG_CXX_LIBRARY = "libc++";
				CLANG_ENABLE_MODULES = YES;
				CLANG_ENABLE_OBJC_ARC = YES;
				CLANG_WARN_BOOL_CONVERSION = YES;
				CLANG_WARN_CONSTANT_CONVERSION = YES;
				CLANG_WARN_DIRECT_OBJC_ISA_USAGE = YES_ERROR;
				CLANG_WARN_EMPTY_BODY = YES;
				CLANG_WARN_ENUM_CONVERSION = YES;
				CLANG_WARN_INT_CONVERSION = YES;
				CLANG_WARN_OBJC_ROOT_CLASS = YES_ERROR;
				CLANG_WARN_UNREACHABLE_CODE = YES;
				CLANG_WARN__DUPLICATE_METHOD_MATCH = YES;
				"CODE_SIGN_IDENTITY[sdk=iphoneos*]" = "iPhone Developer";
				COPY_PHASE_STRIP = NO;
				DEBUG_INFORMATION_FORMAT = dwarf;
				ENABLE_STRICT_OBJC_MSGSEND = YES;
				ENABLE_TESTABILITY = YES;
				GCC_C_LANGUAGE_STANDARD = gnu99;
				GCC_DYNAMIC_NO_PIC = NO;
				GCC_NO_COMMON_BLOCKS = YES;
				GCC_OPTIMIZATION_LEVEL = 0;
				GCC_PREPROCESSOR_DEFINITIONS = (
					"DEBUG=1",
					"$(inherited)",
				);
				GCC_WARN_64_TO_32_BIT_CONVERSION = YES;
				GCC_WARN_ABOUT_RETURN_TYPE = YES_ERROR;
				GCC_WARN_UNDECLARED_SELECTOR = YES;
				GCC_WARN_UNINITIALIZED_AUTOS = YES_AGGRESSIVE;
				GCC_WARN_UNUSED_FUNCTION = YES;
				GCC_WARN_UNUSED_VARIABLE = YES;
				IPHONEOS_DEPLOYMENT_TARGET = 9.3;
				MTL_ENABLE_DEBUG_INFO = YES;
				ONLY_ACTIVE_ARCH = YES;
				SDKROOT = iphoneos;
				TARGETED_DEVICE_FAMILY = "1,2";
			};
			name = Debug;
		};
		C0925C511CAFA6EA002CBB80 /* Release */ = {
			isa = XCBuildConfiguration;
			buildSettings = {
				ALWAYS_SEARCH_USER_PATHS = NO;
				CLANG_ANALYZER_NONNULL = YES;
				CLANG_CXX_LANGUAGE_STANDARD = "gnu++0x";
				CLANG_CXX_LIBRARY = "libc++";
				CLANG_ENABLE_MODULES = YES;
				CLANG_ENABLE_OBJC_ARC = YES;
				CLANG_WARN_BOOL_CONVERSION = YES;
				CLANG_WARN_CONSTANT_CONVERSION = YES;
				CLANG_WARN_DIRECT_OBJC_ISA_USAGE = YES_ERROR;
				CLANG_WARN_EMPTY_BODY = YES;
				CLANG_WARN_ENUM_CONVERSION = YES;
				CLANG_WARN_INT_CONVERSION = YES;
				CLANG_WARN_OBJC_ROOT_CLASS = YES_ERROR;
				CLANG_WARN_UNREACHABLE_CODE = YES;
				CLANG_WARN__DUPLICATE_METHOD_MATCH = YES;
				"CODE_SIGN_IDENTITY[sdk=iphoneos*]" = "iPhone Developer";
				COPY_PHASE_STRIP = NO;
				DEBUG_INFORMATION_FORMAT = "dwarf-with-dsym";
				ENABLE_NS_ASSERTIONS = NO;
				ENABLE_STRICT_OBJC_MSGSEND = YES;
				GCC_C_LANGUAGE_STANDARD = gnu99;
				GCC_NO_COMMON_BLOCKS = YES;
				GCC_WARN_64_TO_32_BIT_CONVERSION = YES;
				GCC_WARN_ABOUT_RETURN_TYPE = YES_ERROR;
				GCC_WARN_UNDECLARED_SELECTOR = YES;
				GCC_WARN_UNINITIALIZED_AUTOS = YES_AGGRESSIVE;
				GCC_WARN_UNUSED_FUNCTION = YES;
				GCC_WARN_UNUSED_VARIABLE = YES;
				IPHONEOS_DEPLOYMENT_TARGET = 9.3;
				MTL_ENABLE_DEBUG_INFO = NO;
				SDKROOT = iphoneos;
				TARGETED_DEVICE_FAMILY = "1,2";
				VALIDATE_PRODUCT = YES;
			};
			name = Release;
		};
		C0925C531CAFA6EA002CBB80 /* Debug */ = {
			isa = XCBuildConfiguration;
			baseConfigurationReference = 8FFD27CA5ACDD4351E444986 /* Pods.debug.xcconfig */;
			buildSettings = {
				ASSETCATALOG_COMPILER_APPICON_NAME = AppIcon;
				CODE_SIGN_IDENTITY = "iPhone Developer";
				"CODE_SIGN_IDENTITY[sdk=iphoneos*]" = "iPhone Developer";
				INFOPLIST_FILE = douban/Info.plist;
				LD_RUNPATH_SEARCH_PATHS = "$(inherited) @executable_path/Frameworks";
				PRODUCT_BUNDLE_IDENTIFIER = rixin.douban;
				PRODUCT_NAME = "$(TARGET_NAME)";
				PROVISIONING_PROFILE = "";
			};
			name = Debug;
		};
		C0925C541CAFA6EA002CBB80 /* Release */ = {
			isa = XCBuildConfiguration;
			baseConfigurationReference = C62305DD625900EB245E122B /* Pods.release.xcconfig */;
			buildSettings = {
				ASSETCATALOG_COMPILER_APPICON_NAME = AppIcon;
				CODE_SIGN_IDENTITY = "iPhone Developer";
				"CODE_SIGN_IDENTITY[sdk=iphoneos*]" = "iPhone Developer";
				INFOPLIST_FILE = douban/Info.plist;
				LD_RUNPATH_SEARCH_PATHS = "$(inherited) @executable_path/Frameworks";
				PRODUCT_BUNDLE_IDENTIFIER = rixin.douban;
				PRODUCT_NAME = "$(TARGET_NAME)";
				PROVISIONING_PROFILE = "";
			};
			name = Release;
		};
		C0925C561CAFA6EA002CBB80 /* Debug */ = {
			isa = XCBuildConfiguration;
			buildSettings = {
				BUNDLE_LOADER = "$(TEST_HOST)";
				INFOPLIST_FILE = doubanTests/Info.plist;
				LD_RUNPATH_SEARCH_PATHS = "$(inherited) @executable_path/Frameworks @loader_path/Frameworks";
				PRODUCT_BUNDLE_IDENTIFIER = rixin.doubanTests;
				PRODUCT_NAME = "$(TARGET_NAME)";
				TEST_HOST = "$(BUILT_PRODUCTS_DIR)/douban.app/douban";
			};
			name = Debug;
		};
		C0925C571CAFA6EA002CBB80 /* Release */ = {
			isa = XCBuildConfiguration;
			buildSettings = {
				BUNDLE_LOADER = "$(TEST_HOST)";
				INFOPLIST_FILE = doubanTests/Info.plist;
				LD_RUNPATH_SEARCH_PATHS = "$(inherited) @executable_path/Frameworks @loader_path/Frameworks";
				PRODUCT_BUNDLE_IDENTIFIER = rixin.doubanTests;
				PRODUCT_NAME = "$(TARGET_NAME)";
				TEST_HOST = "$(BUILT_PRODUCTS_DIR)/douban.app/douban";
			};
			name = Release;
		};
		C0925C591CAFA6EA002CBB80 /* Debug */ = {
			isa = XCBuildConfiguration;
			buildSettings = {
				INFOPLIST_FILE = doubanUITests/Info.plist;
				LD_RUNPATH_SEARCH_PATHS = "$(inherited) @executable_path/Frameworks @loader_path/Frameworks";
				PRODUCT_BUNDLE_IDENTIFIER = rixin.doubanUITests;
				PRODUCT_NAME = "$(TARGET_NAME)";
				TEST_TARGET_NAME = douban;
			};
			name = Debug;
		};
		C0925C5A1CAFA6EA002CBB80 /* Release */ = {
			isa = XCBuildConfiguration;
			buildSettings = {
				INFOPLIST_FILE = doubanUITests/Info.plist;
				LD_RUNPATH_SEARCH_PATHS = "$(inherited) @executable_path/Frameworks @loader_path/Frameworks";
				PRODUCT_BUNDLE_IDENTIFIER = rixin.doubanUITests;
				PRODUCT_NAME = "$(TARGET_NAME)";
				TEST_TARGET_NAME = douban;
			};
			name = Release;
		};
/* End XCBuildConfiguration section */

/* Begin XCConfigurationList section */
		C0925C1D1CAFA6E9002CBB80 /* Build configuration list for PBXProject "douban" */ = {
			isa = XCConfigurationList;
			buildConfigurations = (
				C0925C501CAFA6EA002CBB80 /* Debug */,
				C0925C511CAFA6EA002CBB80 /* Release */,
			);
			defaultConfigurationIsVisible = 0;
			defaultConfigurationName = Release;
		};
		C0925C521CAFA6EA002CBB80 /* Build configuration list for PBXNativeTarget "douban" */ = {
			isa = XCConfigurationList;
			buildConfigurations = (
				C0925C531CAFA6EA002CBB80 /* Debug */,
				C0925C541CAFA6EA002CBB80 /* Release */,
			);
			defaultConfigurationIsVisible = 0;
			defaultConfigurationName = Release;
		};
		C0925C551CAFA6EA002CBB80 /* Build configuration list for PBXNativeTarget "doubanTests" */ = {
			isa = XCConfigurationList;
			buildConfigurations = (
				C0925C561CAFA6EA002CBB80 /* Debug */,
				C0925C571CAFA6EA002CBB80 /* Release */,
			);
			defaultConfigurationIsVisible = 0;
			defaultConfigurationName = Release;
		};
		C0925C581CAFA6EA002CBB80 /* Build configuration list for PBXNativeTarget "doubanUITests" */ = {
			isa = XCConfigurationList;
			buildConfigurations = (
				C0925C591CAFA6EA002CBB80 /* Debug */,
				C0925C5A1CAFA6EA002CBB80 /* Release */,
			);
			defaultConfigurationIsVisible = 0;
			defaultConfigurationName = Release;
		};
/* End XCConfigurationList section */

/* Begin XCVersionGroup section */
		C0925C311CAFA6E9002CBB80 /* douban.xcdatamodeld */ = {
			isa = XCVersionGroup;
			children = (
				C0925C321CAFA6E9002CBB80 /* douban.xcdatamodel */,
			);
			currentVersion = C0925C321CAFA6E9002CBB80 /* douban.xcdatamodel */;
			path = douban.xcdatamodeld;
			sourceTree = "<group>";
			versionGroupType = wrapper.xcdatamodel;
		};
/* End XCVersionGroup section */
	};
	rootObject = C0925C1A1CAFA6E9002CBB80 /* Project object */;
}
